// !$*UTF8*$!
{
	archiveVersion = 1;
	classes = {
	};
	objectVersion = 46;
	objects = {

/* Begin PBXBuildFile section */
		8368558C1B8DC8CE001CF4E5 /* main.m in Sources */ = {isa = PBXBuildFile; fileRef = 8368558B1B8DC8CE001CF4E5 /* main.m */; };
		8368558F1B8DC8CE001CF4E5 /* AppDelegate.m in Sources */ = {isa = PBXBuildFile; fileRef = 8368558E1B8DC8CE001CF4E5 /* AppDelegate.m */; };
		836855971B8DC8CE001CF4E5 /* Images.xcassets in Resources */ = {isa = PBXBuildFile; fileRef = 836855961B8DC8CE001CF4E5 /* Images.xcassets */; };
		8368559A1B8DC8CE001CF4E5 /* LaunchScreen.xib in Resources */ = {isa = PBXBuildFile; fileRef = 836855981B8DC8CE001CF4E5 /* LaunchScreen.xib */; };
		836855A61B8DC8CE001CF4E5 /* EyeProTests.m in Sources */ = {isa = PBXBuildFile; fileRef = 836855A51B8DC8CE001CF4E5 /* EyeProTests.m */; };
		836855E71B8DCFF2001CF4E5 /* libBLEDevice.a in Frameworks */ = {isa = PBXBuildFile; fileRef = 836855E61B8DCFF2001CF4E5 /* libBLEDevice.a */; };
		836855EE1B8DF6B2001CF4E5 /* MainViewController.m in Sources */ = {isa = PBXBuildFile; fileRef = 836855E91B8DF6B2001CF4E5 /* MainViewController.m */; };
		836855EF1B8DF6B2001CF4E5 /* MainViewController.xib in Resources */ = {isa = PBXBuildFile; fileRef = 836855EA1B8DF6B2001CF4E5 /* MainViewController.xib */; };
		836855F01B8DF6B2001CF4E5 /* PravicyViewController.m in Sources */ = {isa = PBXBuildFile; fileRef = 836855EC1B8DF6B2001CF4E5 /* PravicyViewController.m */; };
		836855F11B8DF6B2001CF4E5 /* PravicyViewController.xib in Resources */ = {isa = PBXBuildFile; fileRef = 836855ED1B8DF6B2001CF4E5 /* PravicyViewController.xib */; };
		836855F31B8DF7BC001CF4E5 /* AVFoundation.framework in Frameworks */ = {isa = PBXBuildFile; fileRef = 836855F21B8DF7BC001CF4E5 /* AVFoundation.framework */; };
		836855F51B8DF7D1001CF4E5 /* UIKit.framework in Frameworks */ = {isa = PBXBuildFile; fileRef = 836855F41B8DF7D1001CF4E5 /* UIKit.framework */; };
		836856051B8E09E4001CF4E5 /* Icon-76.png in Resources */ = {isa = PBXBuildFile; fileRef = 836855FA1B8E09E4001CF4E5 /* Icon-76.png */; };
		836856061B8E09E4001CF4E5 /* Icon-76@2x.png in Resources */ = {isa = PBXBuildFile; fileRef = 836855FB1B8E09E4001CF4E5 /* Icon-76@2x.png */; };
		836856071B8E09E4001CF4E5 /* Icon-76@3x.png in Resources */ = {isa = PBXBuildFile; fileRef = 836855FC1B8E09E4001CF4E5 /* Icon-76@3x.png */; };
		836856081B8E09E4001CF4E5 /* Icon-Small.png in Resources */ = {isa = PBXBuildFile; fileRef = 836855FD1B8E09E4001CF4E5 /* Icon-Small.png */; };
		836856091B8E09E4001CF4E5 /* Icon-Small@2x.png in Resources */ = {isa = PBXBuildFile; fileRef = 836855FE1B8E09E4001CF4E5 /* Icon-Small@2x.png */; };
		8368560A1B8E09E4001CF4E5 /* Icon-Small@3x.png in Resources */ = {isa = PBXBuildFile; fileRef = 836855FF1B8E09E4001CF4E5 /* Icon-Small@3x.png */; };
		8368560B1B8E09E4001CF4E5 /* Icon-Spotlight-40.png in Resources */ = {isa = PBXBuildFile; fileRef = 836856001B8E09E4001CF4E5 /* Icon-Spotlight-40.png */; };
		8368560C1B8E09E4001CF4E5 /* Icon-Spotlight-40@2x.png in Resources */ = {isa = PBXBuildFile; fileRef = 836856011B8E09E4001CF4E5 /* Icon-Spotlight-40@2x.png */; };
		8368560D1B8E09E4001CF4E5 /* Icon-Spotlight-40@3x.png in Resources */ = {isa = PBXBuildFile; fileRef = 836856021B8E09E4001CF4E5 /* Icon-Spotlight-40@3x.png */; };
		8368560E1B8E09E4001CF4E5 /* iTunesArtwork in Resources */ = {isa = PBXBuildFile; fileRef = 836856031B8E09E4001CF4E5 /* iTunesArtwork */; };
		8368560F1B8E09E4001CF4E5 /* iTunesArtwork@2x in Resources */ = {isa = PBXBuildFile; fileRef = 836856041B8E09E4001CF4E5 /* iTunesArtwork@2x */; };
		836856111B8E8821001CF4E5 /* empty.png in Resources */ = {isa = PBXBuildFile; fileRef = 836856101B8E8821001CF4E5 /* empty.png */; };
		836856161B935022001CF4E5 /* OtaViewController.m in Sources */ = {isa = PBXBuildFile; fileRef = 836856141B935022001CF4E5 /* OtaViewController.m */; };
		836856171B935022001CF4E5 /* OtaViewController.xib in Resources */ = {isa = PBXBuildFile; fileRef = 836856151B935022001CF4E5 /* OtaViewController.xib */; };
		8368561A1B93563A001CF4E5 /* GraphView.m in Sources */ = {isa = PBXBuildFile; fileRef = 836856191B93563A001CF4E5 /* GraphView.m */; };
		8368561E1B940EC8001CF4E5 /* SettingViewController.m in Sources */ = {isa = PBXBuildFile; fileRef = 8368561C1B940EC8001CF4E5 /* SettingViewController.m */; };
		8368561F1B940EC8001CF4E5 /* SettingViewController.xib in Resources */ = {isa = PBXBuildFile; fileRef = 8368561D1B940EC8001CF4E5 /* SettingViewController.xib */; };
		836856221B941003001CF4E5 /* Setting.m in Sources */ = {isa = PBXBuildFile; fileRef = 836856211B941003001CF4E5 /* Setting.m */; };
		836856251B94596A001CF4E5 /* Statistics.m in Sources */ = {isa = PBXBuildFile; fileRef = 836856241B94596A001CF4E5 /* Statistics.m */; };
		8368562A1B957A52001CF4E5 /* libWeChatSDK.a in Frameworks */ = {isa = PBXBuildFile; fileRef = 836856271B957A52001CF4E5 /* libWeChatSDK.a */; };
/* End PBXBuildFile section */

/* Begin PBXContainerItemProxy section */
		836855A01B8DC8CE001CF4E5 /* PBXContainerItemProxy */ = {
			isa = PBXContainerItemProxy;
			containerPortal = 8368557E1B8DC8CE001CF4E5 /* Project object */;
			proxyType = 1;
			remoteGlobalIDString = 836855851B8DC8CE001CF4E5;
			remoteInfo = EyePro;
		};
/* End PBXContainerItemProxy section */

/* Begin PBXFileReference section */
		836855861B8DC8CE001CF4E5 /* EyePro.app */ = {isa = PBXFileReference; explicitFileType = wrapper.application; includeInIndex = 0; path = EyePro.app; sourceTree = BUILT_PRODUCTS_DIR; };
		8368558A1B8DC8CE001CF4E5 /* Info.plist */ = {isa = PBXFileReference; lastKnownFileType = text.plist.xml; path = Info.plist; sourceTree = "<group>"; };
		8368558B1B8DC8CE001CF4E5 /* main.m */ = {isa = PBXFileReference; lastKnownFileType = sourcecode.c.objc; path = main.m; sourceTree = "<group>"; };
		8368558D1B8DC8CE001CF4E5 /* AppDelegate.h */ = {isa = PBXFileReference; lastKnownFileType = sourcecode.c.h; path = AppDelegate.h; sourceTree = "<group>"; };
		8368558E1B8DC8CE001CF4E5 /* AppDelegate.m */ = {isa = PBXFileReference; lastKnownFileType = sourcecode.c.objc; path = AppDelegate.m; sourceTree = "<group>"; };
		836855961B8DC8CE001CF4E5 /* Images.xcassets */ = {isa = PBXFileReference; lastKnownFileType = folder.assetcatalog; path = Images.xcassets; sourceTree = "<group>"; };
		836855991B8DC8CE001CF4E5 /* Base */ = {isa = PBXFileReference; lastKnownFileType = file.xib; name = Base; path = Base.lproj/LaunchScreen.xib; sourceTree = "<group>"; };
		8368559F1B8DC8CE001CF4E5 /* EyeProTests.xctest */ = {isa = PBXFileReference; explicitFileType = wrapper.cfbundle; includeInIndex = 0; path = EyeProTests.xctest; sourceTree = BUILT_PRODUCTS_DIR; };
		836855A41B8DC8CE001CF4E5 /* Info.plist */ = {isa = PBXFileReference; lastKnownFileType = text.plist.xml; path = Info.plist; sourceTree = "<group>"; };
		836855A51B8DC8CE001CF4E5 /* EyeProTests.m */ = {isa = PBXFileReference; lastKnownFileType = sourcecode.c.objc; path = EyeProTests.m; sourceTree = "<group>"; };
		836855E61B8DCFF2001CF4E5 /* libBLEDevice.a */ = {isa = PBXFileReference; lastKnownFileType = archive.ar; name = libBLEDevice.a; path = "../BLEDevice/build/Debug-iphoneos/libBLEDevice.a"; sourceTree = "<group>"; };
		836855E81B8DF6B2001CF4E5 /* MainViewController.h */ = {isa = PBXFileReference; fileEncoding = 4; lastKnownFileType = sourcecode.c.h; path = MainViewController.h; sourceTree = "<group>"; };
		836855E91B8DF6B2001CF4E5 /* MainViewController.m */ = {isa = PBXFileReference; fileEncoding = 4; lastKnownFileType = sourcecode.c.objc; path = MainViewController.m; sourceTree = "<group>"; };
		836855EA1B8DF6B2001CF4E5 /* MainViewController.xib */ = {isa = PBXFileReference; fileEncoding = 4; lastKnownFileType = file.xib; path = MainViewController.xib; sourceTree = "<group>"; };
		836855EB1B8DF6B2001CF4E5 /* PravicyViewController.h */ = {isa = PBXFileReference; fileEncoding = 4; lastKnownFileType = sourcecode.c.h; path = PravicyViewController.h; sourceTree = "<group>"; };
		836855EC1B8DF6B2001CF4E5 /* PravicyViewController.m */ = {isa = PBXFileReference; fileEncoding = 4; lastKnownFileType = sourcecode.c.objc; path = PravicyViewController.m; sourceTree = "<group>"; };
		836855ED1B8DF6B2001CF4E5 /* PravicyViewController.xib */ = {isa = PBXFileReference; fileEncoding = 4; lastKnownFileType = file.xib; path = PravicyViewController.xib; sourceTree = "<group>"; };
		836855F21B8DF7BC001CF4E5 /* AVFoundation.framework */ = {isa = PBXFileReference; lastKnownFileType = wrapper.framework; name = AVFoundation.framework; path = System/Library/Frameworks/AVFoundation.framework; sourceTree = SDKROOT; };
		836855F41B8DF7D1001CF4E5 /* UIKit.framework */ = {isa = PBXFileReference; lastKnownFileType = wrapper.framework; name = UIKit.framework; path = System/Library/Frameworks/UIKit.framework; sourceTree = SDKROOT; };
		836855FA1B8E09E4001CF4E5 /* Icon-76.png */ = {isa = PBXFileReference; lastKnownFileType = image.png; name = "Icon-76.png"; path = "icons/Icon-76.png"; sourceTree = "<group>"; };
		836855FB1B8E09E4001CF4E5 /* Icon-76@2x.png */ = {isa = PBXFileReference; lastKnownFileType = image.png; name = "Icon-76@2x.png"; path = "icons/Icon-76@2x.png"; sourceTree = "<group>"; };
		836855FC1B8E09E4001CF4E5 /* Icon-76@3x.png */ = {isa = PBXFileReference; lastKnownFileType = image.png; name = "Icon-76@3x.png"; path = "icons/Icon-76@3x.png"; sourceTree = "<group>"; };
		836855FD1B8E09E4001CF4E5 /* Icon-Small.png */ = {isa = PBXFileReference; lastKnownFileType = image.png; name = "Icon-Small.png"; path = "icons/Icon-Small.png"; sourceTree = "<group>"; };
		836855FE1B8E09E4001CF4E5 /* Icon-Small@2x.png */ = {isa = PBXFileReference; lastKnownFileType = image.png; name = "Icon-Small@2x.png"; path = "icons/Icon-Small@2x.png"; sourceTree = "<group>"; };
		836855FF1B8E09E4001CF4E5 /* Icon-Small@3x.png */ = {isa = PBXFileReference; lastKnownFileType = image.png; name = "Icon-Small@3x.png"; path = "icons/Icon-Small@3x.png"; sourceTree = "<group>"; };
		836856001B8E09E4001CF4E5 /* Icon-Spotlight-40.png */ = {isa = PBXFileReference; lastKnownFileType = image.png; name = "Icon-Spotlight-40.png"; path = "icons/Icon-Spotlight-40.png"; sourceTree = "<group>"; };
		836856011B8E09E4001CF4E5 /* Icon-Spotlight-40@2x.png */ = {isa = PBXFileReference; lastKnownFileType = image.png; name = "Icon-Spotlight-40@2x.png"; path = "icons/Icon-Spotlight-40@2x.png"; sourceTree = "<group>"; };
		836856021B8E09E4001CF4E5 /* Icon-Spotlight-40@3x.png */ = {isa = PBXFileReference; lastKnownFileType = image.png; name = "Icon-Spotlight-40@3x.png"; path = "icons/Icon-Spotlight-40@3x.png"; sourceTree = "<group>"; };
		836856031B8E09E4001CF4E5 /* iTunesArtwork */ = {isa = PBXFileReference; lastKnownFileType = file; name = iTunesArtwork; path = icons/iTunesArtwork; sourceTree = "<group>"; };
		836856041B8E09E4001CF4E5 /* iTunesArtwork@2x */ = {isa = PBXFileReference; lastKnownFileType = file; name = "iTunesArtwork@2x"; path = "icons/iTunesArtwork@2x"; sourceTree = "<group>"; };
		836856101B8E8821001CF4E5 /* empty.png */ = {isa = PBXFileReference; lastKnownFileType = image.png; name = empty.png; path = images/empty.png; sourceTree = "<group>"; };
		836856131B935022001CF4E5 /* OtaViewController.h */ = {isa = PBXFileReference; fileEncoding = 4; lastKnownFileType = sourcecode.c.h; path = OtaViewController.h; sourceTree = "<group>"; };
		836856141B935022001CF4E5 /* OtaViewController.m */ = {isa = PBXFileReference; fileEncoding = 4; lastKnownFileType = sourcecode.c.objc; path = OtaViewController.m; sourceTree = "<group>"; };
		836856151B935022001CF4E5 /* OtaViewController.xib */ = {isa = PBXFileReference; fileEncoding = 4; lastKnownFileType = file.xib; path = OtaViewController.xib; sourceTree = "<group>"; };
		836856181B93563A001CF4E5 /* GraphView.h */ = {isa = PBXFileReference; fileEncoding = 4; lastKnownFileType = sourcecode.c.h; path = GraphView.h; sourceTree = "<group>"; };
		836856191B93563A001CF4E5 /* GraphView.m */ = {isa = PBXFileReference; fileEncoding = 4; lastKnownFileType = sourcecode.c.objc; path = GraphView.m; sourceTree = "<group>"; };
		8368561B1B940EC8001CF4E5 /* SettingViewController.h */ = {isa = PBXFileReference; fileEncoding = 4; lastKnownFileType = sourcecode.c.h; path = SettingViewController.h; sourceTree = "<group>"; };
		8368561C1B940EC8001CF4E5 /* SettingViewController.m */ = {isa = PBXFileReference; fileEncoding = 4; lastKnownFileType = sourcecode.c.objc; path = SettingViewController.m; sourceTree = "<group>"; };
		8368561D1B940EC8001CF4E5 /* SettingViewController.xib */ = {isa = PBXFileReference; fileEncoding = 4; lastKnownFileType = file.xib; path = SettingViewController.xib; sourceTree = "<group>"; };
		836856201B941003001CF4E5 /* Setting.h */ = {isa = PBXFileReference; fileEncoding = 4; lastKnownFileType = sourcecode.c.h; path = Setting.h; sourceTree = "<group>"; };
		836856211B941003001CF4E5 /* Setting.m */ = {isa = PBXFileReference; fileEncoding = 4; lastKnownFileType = sourcecode.c.objc; path = Setting.m; sourceTree = "<group>"; };
		836856231B94596A001CF4E5 /* Statistics.h */ = {isa = PBXFileReference; fileEncoding = 4; lastKnownFileType = sourcecode.c.h; path = Statistics.h; sourceTree = "<group>"; };
		836856241B94596A001CF4E5 /* Statistics.m */ = {isa = PBXFileReference; fileEncoding = 4; lastKnownFileType = sourcecode.c.objc; path = Statistics.m; sourceTree = "<group>"; };
		836856271B957A52001CF4E5 /* libWeChatSDK.a */ = {isa = PBXFileReference; lastKnownFileType = archive.ar; name = libWeChatSDK.a; path = EyePro/WXAPI/libWeChatSDK.a; sourceTree = "<group>"; };
		836856281B957A52001CF4E5 /* WXApi.h */ = {isa = PBXFileReference; fileEncoding = 4; lastKnownFileType = sourcecode.c.h; name = WXApi.h; path = EyePro/WXAPI/WXApi.h; sourceTree = "<group>"; };
		836856291B957A52001CF4E5 /* WXApiObject.h */ = {isa = PBXFileReference; fileEncoding = 4; lastKnownFileType = sourcecode.c.h; name = WXApiObject.h; path = EyePro/WXAPI/WXApiObject.h; sourceTree = "<group>"; };
/* End PBXFileReference section */

/* Begin PBXFrameworksBuildPhase section */
		836855831B8DC8CE001CF4E5 /* Frameworks */ = {
			isa = PBXFrameworksBuildPhase;
			buildActionMask = 2147483647;
			files = (
				836855F51B8DF7D1001CF4E5 /* UIKit.framework in Frameworks */,
				836855F31B8DF7BC001CF4E5 /* AVFoundation.framework in Frameworks */,
				8368562A1B957A52001CF4E5 /* libWeChatSDK.a in Frameworks */,
				836855E71B8DCFF2001CF4E5 /* libBLEDevice.a in Frameworks */,
			);
			runOnlyForDeploymentPostprocessing = 0;
		};
		8368559C1B8DC8CE001CF4E5 /* Frameworks */ = {
			isa = PBXFrameworksBuildPhase;
			buildActionMask = 2147483647;
			files = (
			);
			runOnlyForDeploymentPostprocessing = 0;
		};
/* End PBXFrameworksBuildPhase section */

/* Begin PBXGroup section */
		8368557D1B8DC8CE001CF4E5 = {
			isa = PBXGroup;
			children = (
				836856261B957A3C001CF4E5 /* WXAPI */,
				836855F41B8DF7D1001CF4E5 /* UIKit.framework */,
				836855F21B8DF7BC001CF4E5 /* AVFoundation.framework */,
				836855E61B8DCFF2001CF4E5 /* libBLEDevice.a */,
				836855881B8DC8CE001CF4E5 /* EyePro */,
				836855A21B8DC8CE001CF4E5 /* EyeProTests */,
				836855871B8DC8CE001CF4E5 /* Products */,
			);
			sourceTree = "<group>";
		};
		836855871B8DC8CE001CF4E5 /* Products */ = {
			isa = PBXGroup;
			children = (
				836855861B8DC8CE001CF4E5 /* EyePro.app */,
				8368559F1B8DC8CE001CF4E5 /* EyeProTests.xctest */,
			);
			name = Products;
			sourceTree = "<group>";
		};
		836855881B8DC8CE001CF4E5 /* EyePro */ = {
			isa = PBXGroup;
			children = (
				836856121B92CEA5001CF4E5 /* Model */,
				836855F61B8E0999001CF4E5 /* View */,
				836855F71B8E09A0001CF4E5 /* Controller */,
				836855F81B8E09B8001CF4E5 /* images */,
				8368558D1B8DC8CE001CF4E5 /* AppDelegate.h */,
				8368558E1B8DC8CE001CF4E5 /* AppDelegate.m */,
				836855961B8DC8CE001CF4E5 /* Images.xcassets */,
				836855981B8DC8CE001CF4E5 /* LaunchScreen.xib */,
				836855891B8DC8CE001CF4E5 /* Supporting Files */,
			);
			path = EyePro;
			sourceTree = "<group>";
		};
		836855891B8DC8CE001CF4E5 /* Supporting Files */ = {
			isa = PBXGroup;
			children = (
				8368558A1B8DC8CE001CF4E5 /* Info.plist */,
				8368558B1B8DC8CE001CF4E5 /* main.m */,
			);
			name = "Supporting Files";
			sourceTree = "<group>";
		};
		836855A21B8DC8CE001CF4E5 /* EyeProTests */ = {
			isa = PBXGroup;
			children = (
				836855A51B8DC8CE001CF4E5 /* EyeProTests.m */,
				836855A31B8DC8CE001CF4E5 /* Supporting Files */,
			);
			path = EyeProTests;
			sourceTree = "<group>";
		};
		836855A31B8DC8CE001CF4E5 /* Supporting Files */ = {
			isa = PBXGroup;
			children = (
				836855A41B8DC8CE001CF4E5 /* Info.plist */,
			);
			name = "Supporting Files";
			sourceTree = "<group>";
		};
		836855F61B8E0999001CF4E5 /* View */ = {
			isa = PBXGroup;
			children = (
				836856181B93563A001CF4E5 /* GraphView.h */,
				836856191B93563A001CF4E5 /* GraphView.m */,
				836856151B935022001CF4E5 /* OtaViewController.xib */,
				836855EA1B8DF6B2001CF4E5 /* MainViewController.xib */,
				836855ED1B8DF6B2001CF4E5 /* PravicyViewController.xib */,
				8368561D1B940EC8001CF4E5 /* SettingViewController.xib */,
			);
			name = View;
			sourceTree = "<group>";
		};
		836855F71B8E09A0001CF4E5 /* Controller */ = {
			isa = PBXGroup;
			children = (
				836856131B935022001CF4E5 /* OtaViewController.h */,
				836856141B935022001CF4E5 /* OtaViewController.m */,
				836855E81B8DF6B2001CF4E5 /* MainViewController.h */,
				836855E91B8DF6B2001CF4E5 /* MainViewController.m */,
				836855EB1B8DF6B2001CF4E5 /* PravicyViewController.h */,
				836855EC1B8DF6B2001CF4E5 /* PravicyViewController.m */,
				8368561B1B940EC8001CF4E5 /* SettingViewController.h */,
				8368561C1B940EC8001CF4E5 /* SettingViewController.m */,
			);
			name = Controller;
			sourceTree = "<group>";
		};
		836855F81B8E09B8001CF4E5 /* images */ = {
			isa = PBXGroup;
			children = (
				836856101B8E8821001CF4E5 /* empty.png */,
				836855F91B8E09D6001CF4E5 /* icon */,
			);
			name = images;
			sourceTree = "<group>";
		};
		836855F91B8E09D6001CF4E5 /* icon */ = {
			isa = PBXGroup;
			children = (
				836855FA1B8E09E4001CF4E5 /* Icon-76.png */,
				836855FB1B8E09E4001CF4E5 /* Icon-76@2x.png */,
				836855FC1B8E09E4001CF4E5 /* Icon-76@3x.png */,
				836855FD1B8E09E4001CF4E5 /* Icon-Small.png */,
				836855FE1B8E09E4001CF4E5 /* Icon-Small@2x.png */,
				836855FF1B8E09E4001CF4E5 /* Icon-Small@3x.png */,
				836856001B8E09E4001CF4E5 /* Icon-Spotlight-40.png */,
				836856011B8E09E4001CF4E5 /* Icon-Spotlight-40@2x.png */,
				836856021B8E09E4001CF4E5 /* Icon-Spotlight-40@3x.png */,
				836856031B8E09E4001CF4E5 /* iTunesArtwork */,
				836856041B8E09E4001CF4E5 /* iTunesArtwork@2x */,
			);
			name = icon;
			sourceTree = "<group>";
		};
		836856121B92CEA5001CF4E5 /* Model */ = {
			isa = PBXGroup;
			children = (
				836856201B941003001CF4E5 /* Setting.h */,
				836856211B941003001CF4E5 /* Setting.m */,
				836856231B94596A001CF4E5 /* Statistics.h */,
				836856241B94596A001CF4E5 /* Statistics.m */,
			);
			name = Model;
			sourceTree = "<group>";
		};
		836856261B957A3C001CF4E5 /* WXAPI */ = {
			isa = PBXGroup;
			children = (
				836856271B957A52001CF4E5 /* libWeChatSDK.a */,
				836856281B957A52001CF4E5 /* WXApi.h */,
				836856291B957A52001CF4E5 /* WXApiObject.h */,
			);
			name = WXAPI;
			sourceTree = "<group>";
		};
/* End PBXGroup section */

/* Begin PBXNativeTarget section */
		836855851B8DC8CE001CF4E5 /* EyePro */ = {
			isa = PBXNativeTarget;
			buildConfigurationList = 836855A91B8DC8CE001CF4E5 /* Build configuration list for PBXNativeTarget "EyePro" */;
			buildPhases = (
				836855821B8DC8CE001CF4E5 /* Sources */,
				836855831B8DC8CE001CF4E5 /* Frameworks */,
				836855841B8DC8CE001CF4E5 /* Resources */,
			);
			buildRules = (
			);
			dependencies = (
			);
			name = EyePro;
			productName = EyePro;
			productReference = 836855861B8DC8CE001CF4E5 /* EyePro.app */;
			productType = "com.apple.product-type.application";
		};
		8368559E1B8DC8CE001CF4E5 /* EyeProTests */ = {
			isa = PBXNativeTarget;
			buildConfigurationList = 836855AC1B8DC8CE001CF4E5 /* Build configuration list for PBXNativeTarget "EyeProTests" */;
			buildPhases = (
				8368559B1B8DC8CE001CF4E5 /* Sources */,
				8368559C1B8DC8CE001CF4E5 /* Frameworks */,
				8368559D1B8DC8CE001CF4E5 /* Resources */,
			);
			buildRules = (
			);
			dependencies = (
				836855A11B8DC8CE001CF4E5 /* PBXTargetDependency */,
			);
			name = EyeProTests;
			productName = EyeProTests;
			productReference = 8368559F1B8DC8CE001CF4E5 /* EyeProTests.xctest */;
			productType = "com.apple.product-type.bundle.unit-test";
		};
/* End PBXNativeTarget section */

/* Begin PBXProject section */
		8368557E1B8DC8CE001CF4E5 /* Project object */ = {
			isa = PBXProject;
			attributes = {
				LastUpgradeCheck = 0640;
				ORGANIZATIONNAME = "张志阳";
				TargetAttributes = {
					836855851B8DC8CE001CF4E5 = {
						CreatedOnToolsVersion = 6.4;
						DevelopmentTeam = 3A3Q6559K4;
						SystemCapabilities = {
							com.apple.BackgroundModes = {
								enabled = 1;
							};
						};
					};
					8368559E1B8DC8CE001CF4E5 = {
						CreatedOnToolsVersion = 6.4;
						TestTargetID = 836855851B8DC8CE001CF4E5;
					};
				};
			};
			buildConfigurationList = 836855811B8DC8CE001CF4E5 /* Build configuration list for PBXProject "EyePro" */;
			compatibilityVersion = "Xcode 3.2";
			developmentRegion = English;
			hasScannedForEncodings = 0;
			knownRegions = (
				en,
				Base,
			);
			mainGroup = 8368557D1B8DC8CE001CF4E5;
			productRefGroup = 836855871B8DC8CE001CF4E5 /* Products */;
			projectDirPath = "";
			projectRoot = "";
			targets = (
				836855851B8DC8CE001CF4E5 /* EyePro */,
				8368559E1B8DC8CE001CF4E5 /* EyeProTests */,
			);
		};
/* End PBXProject section */

/* Begin PBXResourcesBuildPhase section */
		836855841B8DC8CE001CF4E5 /* Resources */ = {
			isa = PBXResourcesBuildPhase;
			buildActionMask = 2147483647;
			files = (
				8368560F1B8E09E4001CF4E5 /* iTunesArtwork@2x in Resources */,
				8368561F1B940EC8001CF4E5 /* SettingViewController.xib in Resources */,
				836856081B8E09E4001CF4E5 /* Icon-Small.png in Resources */,
				8368560D1B8E09E4001CF4E5 /* Icon-Spotlight-40@3x.png in Resources */,
				8368559A1B8DC8CE001CF4E5 /* LaunchScreen.xib in Resources */,
				836855EF1B8DF6B2001CF4E5 /* MainViewController.xib in Resources */,
				836856091B8E09E4001CF4E5 /* Icon-Small@2x.png in Resources */,
				836856051B8E09E4001CF4E5 /* Icon-76.png in Resources */,
				836855971B8DC8CE001CF4E5 /* Images.xcassets in Resources */,
				836856061B8E09E4001CF4E5 /* Icon-76@2x.png in Resources */,
				836856071B8E09E4001CF4E5 /* Icon-76@3x.png in Resources */,
				8368560E1B8E09E4001CF4E5 /* iTunesArtwork in Resources */,
				836856111B8E8821001CF4E5 /* empty.png in Resources */,
				8368560A1B8E09E4001CF4E5 /* Icon-Small@3x.png in Resources */,
				8368560B1B8E09E4001CF4E5 /* Icon-Spotlight-40.png in Resources */,
				8368560C1B8E09E4001CF4E5 /* Icon-Spotlight-40@2x.png in Resources */,
				836855F11B8DF6B2001CF4E5 /* PravicyViewController.xib in Resources */,
				836856171B935022001CF4E5 /* OtaViewController.xib in Resources */,
			);
			runOnlyForDeploymentPostprocessing = 0;
		};
		8368559D1B8DC8CE001CF4E5 /* Resources */ = {
			isa = PBXResourcesBuildPhase;
			buildActionMask = 2147483647;
			files = (
			);
			runOnlyForDeploymentPostprocessing = 0;
		};
/* End PBXResourcesBuildPhase section */

/* Begin PBXSourcesBuildPhase section */
		836855821B8DC8CE001CF4E5 /* Sources */ = {
			isa = PBXSourcesBuildPhase;
			buildActionMask = 2147483647;
			files = (
				8368558F1B8DC8CE001CF4E5 /* AppDelegate.m in Sources */,
				836856251B94596A001CF4E5 /* Statistics.m in Sources */,
				836855EE1B8DF6B2001CF4E5 /* MainViewController.m in Sources */,
				836856221B941003001CF4E5 /* Setting.m in Sources */,
				836856161B935022001CF4E5 /* OtaViewController.m in Sources */,
				8368561E1B940EC8001CF4E5 /* SettingViewController.m in Sources */,
				8368561A1B93563A001CF4E5 /* GraphView.m in Sources */,
				8368558C1B8DC8CE001CF4E5 /* main.m in Sources */,
				836855F01B8DF6B2001CF4E5 /* PravicyViewController.m in Sources */,
			);
			runOnlyForDeploymentPostprocessing = 0;
		};
		8368559B1B8DC8CE001CF4E5 /* Sources */ = {
			isa = PBXSourcesBuildPhase;
			buildActionMask = 2147483647;
			files = (
				836855A61B8DC8CE001CF4E5 /* EyeProTests.m in Sources */,
			);
			runOnlyForDeploymentPostprocessing = 0;
		};
/* End PBXSourcesBuildPhase section */

/* Begin PBXTargetDependency section */
		836855A11B8DC8CE001CF4E5 /* PBXTargetDependency */ = {
			isa = PBXTargetDependency;
			target = 836855851B8DC8CE001CF4E5 /* EyePro */;
			targetProxy = 836855A01B8DC8CE001CF4E5 /* PBXContainerItemProxy */;
		};
/* End PBXTargetDependency section */

/* Begin PBXVariantGroup section */
		836855981B8DC8CE001CF4E5 /* LaunchScreen.xib */ = {
			isa = PBXVariantGroup;
			children = (
				836855991B8DC8CE001CF4E5 /* Base */,
			);
			name = LaunchScreen.xib;
			sourceTree = "<group>";
		};
/* End PBXVariantGroup section */

/* Begin XCBuildConfiguration section */
		836855A71B8DC8CE001CF4E5 /* Debug */ = {
			isa = XCBuildConfiguration;
			buildSettings = {
				ALWAYS_SEARCH_USER_PATHS = NO;
				CLANG_CXX_LANGUAGE_STANDARD = "gnu++0x";
				CLANG_CXX_LIBRARY = "libc++";
				CLANG_ENABLE_MODULES = YES;
				CLANG_ENABLE_OBJC_ARC = YES;
				CLANG_WARN_BOOL_CONVERSION = YES;
				CLANG_WARN_CONSTANT_CONVERSION = YES;
				CLANG_WARN_DIRECT_OBJC_ISA_USAGE = YES_ERROR;
				CLANG_WARN_EMPTY_BODY = YES;
				CLANG_WARN_ENUM_CONVERSION = YES;
				CLANG_WARN_INT_CONVERSION = YES;
				CLANG_WARN_OBJC_ROOT_CLASS = YES_ERROR;
				CLANG_WARN_UNREACHABLE_CODE = YES;
				CLANG_WARN__DUPLICATE_METHOD_MATCH = YES;
				"CODE_SIGN_IDENTITY[sdk=iphoneos*]" = "iPhone Developer";
				COPY_PHASE_STRIP = NO;
				DEBUG_INFORMATION_FORMAT = "dwarf-with-dsym";
				ENABLE_STRICT_OBJC_MSGSEND = YES;
				GCC_C_LANGUAGE_STANDARD = gnu99;
				GCC_DYNAMIC_NO_PIC = NO;
				GCC_NO_COMMON_BLOCKS = YES;
				GCC_OPTIMIZATION_LEVEL = 0;
				GCC_PREPROCESSOR_DEFINITIONS = (
					"DEBUG=1",
					"$(inherited)",
				);
				GCC_SYMBOLS_PRIVATE_EXTERN = NO;
				GCC_WARN_64_TO_32_BIT_CONVERSION = YES;
				GCC_WARN_ABOUT_RETURN_TYPE = YES_ERROR;
				GCC_WARN_UNDECLARED_SELECTOR = YES;
				GCC_WARN_UNINITIALIZED_AUTOS = YES_AGGRESSIVE;
				GCC_WARN_UNUSED_FUNCTION = YES;
				GCC_WARN_UNUSED_VARIABLE = YES;
				IPHONEOS_DEPLOYMENT_TARGET = 8.4;
				MTL_ENABLE_DEBUG_INFO = YES;
				ONLY_ACTIVE_ARCH = YES;
				SDKROOT = iphoneos;
				TARGETED_DEVICE_FAMILY = 2;
				USER_HEADER_SEARCH_PATHS = "$(BUILD_DIR)/include/**";
			};
			name = Debug;
		};
		836855A81B8DC8CE001CF4E5 /* Release */ = {
			isa = XCBuildConfiguration;
			buildSettings = {
				ALWAYS_SEARCH_USER_PATHS = NO;
				CLANG_CXX_LANGUAGE_STANDARD = "gnu++0x";
				CLANG_CXX_LIBRARY = "libc++";
				CLANG_ENABLE_MODULES = YES;
				CLANG_ENABLE_OBJC_ARC = YES;
				CLANG_WARN_BOOL_CONVERSION = YES;
				CLANG_WARN_CONSTANT_CONVERSION = YES;
				CLANG_WARN_DIRECT_OBJC_ISA_USAGE = YES_ERROR;
				CLANG_WARN_EMPTY_BODY = YES;
				CLANG_WARN_ENUM_CONVERSION = YES;
				CLANG_WARN_INT_CONVERSION = YES;
				CLANG_WARN_OBJC_ROOT_CLASS = YES_ERROR;
				CLANG_WARN_UNREACHABLE_CODE = YES;
				CLANG_WARN__DUPLICATE_METHOD_MATCH = YES;
				"CODE_SIGN_IDENTITY[sdk=iphoneos*]" = "iPhone Developer";
				COPY_PHASE_STRIP = NO;
				DEBUG_INFORMATION_FORMAT = "dwarf-with-dsym";
				ENABLE_NS_ASSERTIONS = NO;
				ENABLE_STRICT_OBJC_MSGSEND = YES;
				GCC_C_LANGUAGE_STANDARD = gnu99;
				GCC_NO_COMMON_BLOCKS = YES;
				GCC_WARN_64_TO_32_BIT_CONVERSION = YES;
				GCC_WARN_ABOUT_RETURN_TYPE = YES_ERROR;
				GCC_WARN_UNDECLARED_SELECTOR = YES;
				GCC_WARN_UNINITIALIZED_AUTOS = YES_AGGRESSIVE;
				GCC_WARN_UNUSED_FUNCTION = YES;
				GCC_WARN_UNUSED_VARIABLE = YES;
				IPHONEOS_DEPLOYMENT_TARGET = 8.4;
				MTL_ENABLE_DEBUG_INFO = NO;
				SDKROOT = iphoneos;
				TARGETED_DEVICE_FAMILY = 2;
				USER_HEADER_SEARCH_PATHS = "$(BUILD_DIR)/include/**";
				VALIDATE_PRODUCT = YES;
			};
			name = Release;
		};
		836855AA1B8DC8CE001CF4E5 /* Debug */ = {
			isa = XCBuildConfiguration;
			buildSettings = {
				ASSETCATALOG_COMPILER_APPICON_NAME = AppIcon;
				CODE_SIGN_IDENTITY = "iPhone Developer: Zhiyang Zhang (K7LJHX8EVS)";
				"CODE_SIGN_IDENTITY[sdk=iphoneos*]" = "iPhone Developer";
				INFOPLIST_FILE = EyePro/Info.plist;
				LD_RUNPATH_SEARCH_PATHS = "$(inherited) @executable_path/Frameworks";
				LIBRARY_SEARCH_PATHS = (
					"$(inherited)",
					"/Users/zhangzhiyang/Desktop/EyePro/BLEDevice/build/Debug-iphoneos",
					"$(PROJECT_DIR)/EyePro/WXAPI",
				);
				PRODUCT_NAME = "$(TARGET_NAME)";
				PROVISIONING_PROFILE = "";
				USER_HEADER_SEARCH_PATHS = "$(BUILD_DIR)/include/** /Users/zhangzhiyang/Desktop/EyePro/BLEDevice/**";
			};
			name = Debug;
		};
		836855AB1B8DC8CE001CF4E5 /* Release */ = {
			isa = XCBuildConfiguration;
			buildSettings = {
				ASSETCATALOG_COMPILER_APPICON_NAME = AppIcon;
				CODE_SIGN_IDENTITY = "iPhone Developer: Zhiyang Zhang (K7LJHX8EVS)";
				"CODE_SIGN_IDENTITY[sdk=iphoneos*]" = "iPhone Developer";
				INFOPLIST_FILE = EyePro/Info.plist;
				LD_RUNPATH_SEARCH_PATHS = "$(inherited) @executable_path/Frameworks";
				LIBRARY_SEARCH_PATHS = (
					"$(inherited)",
					"/Users/zhangzhiyang/Desktop/EyePro/BLEDevice/build/Debug-iphoneos",
					"$(PROJECT_DIR)/EyePro/WXAPI",
				);
				PRODUCT_NAME = "$(TARGET_NAME)";
				PROVISIONING_PROFILE = "";
				USER_HEADER_SEARCH_PATHS = "$(BUILD_DIR)/include/** /Users/zhangzhiyang/Desktop/EyePro/BLEDevice/**";
			};
			name = Release;
		};
		836855AD1B8DC8CE001CF4E5 /* Debug */ = {
			isa = XCBuildConfiguration;
			buildSettings = {
				BUNDLE_LOADER = "$(TEST_HOST)";
				FRAMEWORK_SEARCH_PATHS = (
					"$(SDKROOT)/Developer/Library/Frameworks",
					"$(inherited)",
				);
				GCC_PREPROCESSOR_DEFINITIONS = (
					"DEBUG=1",
					"$(inherited)",
				);
				INFOPLIST_FILE = EyeProTests/Info.plist;
				LD_RUNPATH_SEARCH_PATHS = "$(inherited) @executable_path/Frameworks @loader_path/Frameworks";
				PRODUCT_NAME = "$(TARGET_NAME)";
				TEST_HOST = "$(BUILT_PRODUCTS_DIR)/EyePro.app/EyePro";
			};
			name = Debug;
		};
		836855AE1B8DC8CE001CF4E5 /* Release */ = {
			isa = XCBuildConfiguration;
			buildSettings = {
				BUNDLE_LOADER = "$(TEST_HOST)";
				FRAMEWORK_SEARCH_PATHS = (
					"$(SDKROOT)/Developer/Library/Frameworks",
					"$(inherited)",
				);
				INFOPLIST_FILE = EyeProTests/Info.plist;
				LD_RUNPATH_SEARCH_PATHS = "$(inherited) @executable_path/Frameworks @loader_path/Frameworks";
				PRODUCT_NAME = "$(TARGET_NAME)";
				TEST_HOST = "$(BUILT_PRODUCTS_DIR)/EyePro.app/EyePro";
			};
			name = Release;
		};
/* End XCBuildConfiguration section */

/* Begin XCConfigurationList section */
		836855811B8DC8CE001CF4E5 /* Build configuration list for PBXProject "EyePro" */ = {
			isa = XCConfigurationList;
			buildConfigurations = (
				836855A71B8DC8CE001CF4E5 /* Debug */,
				836855A81B8DC8CE001CF4E5 /* Release */,
			);
			defaultConfigurationIsVisible = 0;
			defaultConfigurationName = Release;
		};
		836855A91B8DC8CE001CF4E5 /* Build configuration list for PBXNativeTarget "EyePro" */ = {
			isa = XCConfigurationList;
			buildConfigurations = (
				836855AA1B8DC8CE001CF4E5 /* Debug */,
				836855AB1B8DC8CE001CF4E5 /* Release */,
			);
			defaultConfigurationIsVisible = 0;
			defaultConfigurationName = Release;
		};
		836855AC1B8DC8CE001CF4E5 /* Build configuration list for PBXNativeTarget "EyeProTests" */ = {
			isa = XCConfigurationList;
			buildConfigurations = (
				836855AD1B8DC8CE001CF4E5 /* Debug */,
				836855AE1B8DC8CE001CF4E5 /* Release */,
			);
			defaultConfigurationIsVisible = 0;
			defaultConfigurationName = Release;
		};
/* End XCConfigurationList section */
	};
	rootObject = 8368557E1B8DC8CE001CF4E5 /* Project object */;
}
